
Microsoft Visual Studio Solution File, Format Version 12.00
# Visual Studio Version 17
VisualStudioVersion = 17.8.34330.188
MinimumVisualStudioVersion = 10.0.40219.1
Project("{9A19103F-16F7-4668-BE54-9A1E7A4F7556}") = "Presentation.BaseApi", "Presentation.BaseApi.csproj", "{9EEA534F-D124-4D47-84C9-6F88061C1011}"
EndProject
Project("{9A19103F-16F7-4668-BE54-9A1E7A4F7556}") = "Domain.Services", "..\Domain.Services\Domain.Services.csproj", "{4869FB0C-A1FF-4799-A97E-B16020265B18}"
EndProject
Project("{9A19103F-16F7-4668-BE54-9A1E7A4F7556}") = "Infraestructure.Core", "..\Infraestructure.Core\Infraestructure.Core.csproj", "{31D79E51-D756-4662-A6FA-C5AF86E07437}"
EndProject
Project("{9A19103F-16F7-4668-BE54-9A1E7A4F7556}") = "Infraestructure.Entity", "..\Infraestructure.Entity\Infraestructure.Entity.csproj", "{B1CDC2EC-C320-4ACC-BB9F-8BF6C0036766}"
EndProject
Project("{9A19103F-16F7-4668-BE54-9A1E7A4F7556}") = "Common.BaseApi", "..\Common.BaseApi\Common.BaseApi.csproj", "{FBD84CCA-0D90-404E-8AF0-AAC6A168B40E}"
EndProject
Project("{9A19103F-16F7-4668-BE54-9A1E7A4F7556}") = "Test.Domain.Services", "..\Test.Domain.Services\Test.Domain.Services.csproj", "{7A7529F5-2241-4A76-A7E3-29FAA5CD3B8C}"
EndProject
Global
	GlobalSection(SolutionConfigurationPlatforms) = preSolution
		Debug|Any CPU = Debug|Any CPU
		Release|Any CPU = Release|Any CPU
	EndGlobalSection
	GlobalSection(ProjectConfigurationPlatforms) = postSolution
		{9EEA534F-D124-4D47-84C9-6F88061C1011}.Debug|Any CPU.ActiveCfg = Debug|Any CPU
		{9EEA534F-D124-4D47-84C9-6F88061C1011}.Debug|Any CPU.Build.0 = Debug|Any CPU
		{9EEA534F-D124-4D47-84C9-6F88061C1011}.Release|Any CPU.ActiveCfg = Release|Any CPU
		{9EEA534F-D124-4D47-84C9-6F88061C1011}.Release|Any CPU.Build.0 = Release|Any CPU
		{4869FB0C-A1FF-4799-A97E-B16020265B18}.Debug|Any CPU.ActiveCfg = Debug|Any CPU
		{4869FB0C-A1FF-4799-A97E-B16020265B18}.Debug|Any CPU.Build.0 = Debug|Any CPU
		{4869FB0C-A1FF-4799-A97E-B16020265B18}.Release|Any CPU.ActiveCfg = Release|Any CPU
		{4869FB0C-A1FF-4799-A97E-B16020265B18}.Release|Any CPU.Build.0 = Release|Any CPU
		{31D79E51-D756-4662-A6FA-C5AF86E07437}.Debug|Any CPU.ActiveCfg = Debug|Any CPU
		{31D79E51-D756-4662-A6FA-C5AF86E07437}.Debug|Any CPU.Build.0 = Debug|Any CPU
		{31D79E51-D756-4662-A6FA-C5AF86E07437}.Release|Any CPU.ActiveCfg = Release|Any CPU
		{31D79E51-D756-4662-A6FA-C5AF86E07437}.Release|Any CPU.Build.0 = Release|Any CPU
		{B1CDC2EC-C320-4ACC-BB9F-8BF6C0036766}.Debug|Any CPU.ActiveCfg = Debug|Any CPU
		{B1CDC2EC-C320-4ACC-BB9F-8BF6C0036766}.Debug|Any CPU.Build.0 = Debug|Any CPU
		{B1CDC2EC-C320-4ACC-BB9F-8BF6C0036766}.Release|Any CPU.ActiveCfg = Release|Any CPU
		{B1CDC2EC-C320-4ACC-BB9F-8BF6C0036766}.Release|Any CPU.Build.0 = Release|Any CPU
		{FBD84CCA-0D90-404E-8AF0-AAC6A168B40E}.Debug|Any CPU.ActiveCfg = Debug|Any CPU
		{FBD84CCA-0D90-404E-8AF0-AAC6A168B40E}.Debug|Any CPU.Build.0 = Debug|Any CPU
		{FBD84CCA-0D90-404E-8AF0-AAC6A168B40E}.Release|Any CPU.ActiveCfg = Release|Any CPU
		{FBD84CCA-0D90-404E-8AF0-AAC6A168B40E}.Release|Any CPU.Build.0 = Release|Any CPU
		{7A7529F5-2241-4A76-A7E3-29FAA5CD3B8C}.Debug|Any CPU.ActiveCfg = Debug|Any CPU
		{7A7529F5-2241-4A76-A7E3-29FAA5CD3B8C}.Debug|Any CPU.Build.0 = Debug|Any CPU
		{7A7529F5-2241-4A76-A7E3-29FAA5CD3B8C}.Release|Any CPU.ActiveCfg = Release|Any CPU
		{7A7529F5-2241-4A76-A7E3-29FAA5CD3B8C}.Release|Any CPU.Build.0 = Release|Any CPU
	EndGlobalSection
	GlobalSection(SolutionProperties) = preSolution
		HideSolutionNode = FALSE
	EndGlobalSection
	GlobalSection(ExtensibilityGlobals) = postSolution
		SolutionGuid = {6C4350BC-075A-4922-9360-235DE789E3A8}
	EndGlobalSection
EndGlobal
